
Microsoft Visual Studio Solution File, Format Version 12.00
# Visual Studio Version 16
VisualStudioVersion = 16.0.31205.134
MinimumVisualStudioVersion = 10.0.40219.1
Project("{9A19103F-16F7-4668-BE54-9A1E7A4F7556}") = "Domains", "Domain\Domains.csproj", "{A26818F8-D41E-4EF5-A39D-EBAFD312EDEC}"
EndProject
Project("{9A19103F-16F7-4668-BE54-9A1E7A4F7556}") = "Commands", "Command\Commands.csproj", "{15A6EA6F-0BE3-4C6B-9614-C140839B991C}"
EndProject
Project("{9A19103F-16F7-4668-BE54-9A1E7A4F7556}") = "CommandHandlers", "CommandHandler\CommandHandlers.csproj", "{A43BF368-D467-4BE7-8834-F0CB9194283F}"
EndProject
Project("{9A19103F-16F7-4668-BE54-9A1E7A4F7556}") = "ScolptioCRMWebApi", "ScolptioCRMWebService\ScolptioCRMWebApi.csproj", "{2A9B0F5F-E1CD-4EEC-AB95-C717BA25F39E}"
EndProject
Project("{9A19103F-16F7-4668-BE54-9A1E7A4F7556}") = "ScolptioCRMCoreService", "Infruscture\ScolptioCRMCoreService.csproj", "{0E11FA24-41C3-498A-9AC0-04EE4021B148}"
EndProject
Global
	GlobalSection(SolutionConfigurationPlatforms) = preSolution
		Debug|Any CPU = Debug|Any CPU
		Release|Any CPU = Release|Any CPU
	EndGlobalSection
	GlobalSection(ProjectConfigurationPlatforms) = postSolution
		{A26818F8-D41E-4EF5-A39D-EBAFD312EDEC}.Debug|Any CPU.ActiveCfg = Debug|Any CPU
		{A26818F8-D41E-4EF5-A39D-EBAFD312EDEC}.Debug|Any CPU.Build.0 = Debug|Any CPU
		{A26818F8-D41E-4EF5-A39D-EBAFD312EDEC}.Release|Any CPU.ActiveCfg = Release|Any CPU
		{A26818F8-D41E-4EF5-A39D-EBAFD312EDEC}.Release|Any CPU.Build.0 = Release|Any CPU
		{15A6EA6F-0BE3-4C6B-9614-C140839B991C}.Debug|Any CPU.ActiveCfg = Debug|Any CPU
		{15A6EA6F-0BE3-4C6B-9614-C140839B991C}.Debug|Any CPU.Build.0 = Debug|Any CPU
		{15A6EA6F-0BE3-4C6B-9614-C140839B991C}.Release|Any CPU.ActiveCfg = Release|Any CPU
		{15A6EA6F-0BE3-4C6B-9614-C140839B991C}.Release|Any CPU.Build.0 = Release|Any CPU
		{A43BF368-D467-4BE7-8834-F0CB9194283F}.Debug|Any CPU.ActiveCfg = Debug|Any CPU
		{A43BF368-D467-4BE7-8834-F0CB9194283F}.Debug|Any CPU.Build.0 = Debug|Any CPU
		{A43BF368-D467-4BE7-8834-F0CB9194283F}.Release|Any CPU.ActiveCfg = Release|Any CPU
		{A43BF368-D467-4BE7-8834-F0CB9194283F}.Release|Any CPU.Build.0 = Release|Any CPU
		{2A9B0F5F-E1CD-4EEC-AB95-C717BA25F39E}.Debug|Any CPU.ActiveCfg = Debug|Any CPU
		{2A9B0F5F-E1CD-4EEC-AB95-C717BA25F39E}.Debug|Any CPU.Build.0 = Debug|Any CPU
		{2A9B0F5F-E1CD-4EEC-AB95-C717BA25F39E}.Release|Any CPU.ActiveCfg = Release|Any CPU
		{2A9B0F5F-E1CD-4EEC-AB95-C717BA25F39E}.Release|Any CPU.Build.0 = Release|Any CPU
		{0E11FA24-41C3-498A-9AC0-04EE4021B148}.Debug|Any CPU.ActiveCfg = Debug|Any CPU
		{0E11FA24-41C3-498A-9AC0-04EE4021B148}.Debug|Any CPU.Build.0 = Debug|Any CPU
		{0E11FA24-41C3-498A-9AC0-04EE4021B148}.Release|Any CPU.ActiveCfg = Release|Any CPU
		{0E11FA24-41C3-498A-9AC0-04EE4021B148}.Release|Any CPU.Build.0 = Release|Any CPU
	EndGlobalSection
	GlobalSection(SolutionProperties) = preSolution
		HideSolutionNode = FALSE
	EndGlobalSection
	GlobalSection(ExtensibilityGlobals) = postSolution
		SolutionGuid = {22AEE79B-6459-429F-8209-6724C3DD1F8A}
	EndGlobalSection
EndGlobal
